
Microsoft Visual Studio Solution File, Format Version 12.00
# Visual Studio Version 17
VisualStudioVersion = 17.9.34607.119
MinimumVisualStudioVersion = 10.0.40219.1
Project("{FAE04EC0-301F-11D3-BF4B-00C04F79EFBC}") = "WpfEventsApp", "WpfEventsApp\WpfEventsApp.csproj", "{DBA20FB6-57E3-4C90-B6BC-9A4FDBED4359}"
EndProject
Global
	GlobalSection(SolutionConfigurationPlatforms) = preSolution
		Debug|Any CPU = Debug|Any CPU
		Release|Any CPU = Release|Any CPU
	EndGlobalSection
	GlobalSection(ProjectConfigurationPlatforms) = postSolution
		{DBA20FB6-57E3-4C90-B6BC-9A4FDBED4359}.Debug|Any CPU.ActiveCfg = Debug|Any CPU
		{DBA20FB6-57E3-4C90-B6BC-9A4FDBED4359}.Debug|Any CPU.Build.0 = Debug|Any CPU
		{DBA20FB6-57E3-4C90-B6BC-9A4FDBED4359}.Release|Any CPU.ActiveCfg = Release|Any CPU
		{DBA20FB6-57E3-4C90-B6BC-9A4FDBED4359}.Release|Any CPU.Build.0 = Release|Any CPU
	EndGlobalSection
	GlobalSection(SolutionProperties) = preSolution
		HideSolutionNode = FALSE
	EndGlobalSection
	GlobalSection(ExtensibilityGlobals) = postSolution
		SolutionGuid = {856BCEB5-7B87-4DFF-A932-198E039B6F82}
	EndGlobalSection
EndGlobal
